// !$*UTF8*$!
{
	archiveVersion = 1;
	classes = {
	};
	objectVersion = 50;
	objects = {

/* Begin PBXBuildFile section */
		0B18075BB7017F44B621D0D1 /* Pods_ChatbotSample.framework in Frameworks */ = {isa = PBXBuildFile; fileRef = 6CA9F369EEBF40B85FB22B3A /* Pods_ChatbotSample.framework */; };
		4614802F21F70E6A00946966 /* AppDelegate.swift in Sources */ = {isa = PBXBuildFile; fileRef = 4614802E21F70E6A00946966 /* AppDelegate.swift */; };
		4614803121F70E6A00946966 /* ViewController.swift in Sources */ = {isa = PBXBuildFile; fileRef = 4614803021F70E6A00946966 /* ViewController.swift */; };
		4614803421F70E6A00946966 /* Main.storyboard in Resources */ = {isa = PBXBuildFile; fileRef = 4614803221F70E6A00946966 /* Main.storyboard */; };
		4614803621F70E7E00946966 /* Assets.xcassets in Resources */ = {isa = PBXBuildFile; fileRef = 4614803521F70E7E00946966 /* Assets.xcassets */; };
		4614803921F70E7E00946966 /* LaunchScreen.storyboard in Resources */ = {isa = PBXBuildFile; fileRef = 4614803721F70E7E00946966 /* LaunchScreen.storyboard */; };
		466DFD2321F8AC8300ECAF8B /* Extensions.swift in Sources */ = {isa = PBXBuildFile; fileRef = 466DFD2221F8AC8300ECAF8B /* Extensions.swift */; };
/* End PBXBuildFile section */

/* Begin PBXFileReference section */
		4614802B21F70E6A00946966 /* ChatbotSample.app */ = {isa = PBXFileReference; explicitFileType = wrapper.application; includeInIndex = 0; path = ChatbotSample.app; sourceTree = BUILT_PRODUCTS_DIR; };
		4614802E21F70E6A00946966 /* AppDelegate.swift */ = {isa = PBXFileReference; lastKnownFileType = sourcecode.swift; path = AppDelegate.swift; sourceTree = "<group>"; };
		4614803021F70E6A00946966 /* ViewController.swift */ = {isa = PBXFileReference; lastKnownFileType = sourcecode.swift; path = ViewController.swift; sourceTree = "<group>"; };
		4614803321F70E6A00946966 /* Base */ = {isa = PBXFileReference; lastKnownFileType = file.storyboard; name = Base; path = Base.lproj/Main.storyboard; sourceTree = "<group>"; };
		4614803521F70E7E00946966 /* Assets.xcassets */ = {isa = PBXFileReference; lastKnownFileType = folder.assetcatalog; path = Assets.xcassets; sourceTree = "<group>"; };
		4614803821F70E7E00946966 /* Base */ = {isa = PBXFileReference; lastKnownFileType = file.storyboard; name = Base; path = Base.lproj/LaunchScreen.storyboard; sourceTree = "<group>"; };
		4614803A21F70E7E00946966 /* Info.plist */ = {isa = PBXFileReference; lastKnownFileType = text.plist.xml; path = Info.plist; sourceTree = "<group>"; };
		466DFD2221F8AC8300ECAF8B /* Extensions.swift */ = {isa = PBXFileReference; lastKnownFileType = sourcecode.swift; path = Extensions.swift; sourceTree = "<group>"; };
		48F07FC35623FA5CE1A1AD17 /* Pods-ChatbotSample.release.xcconfig */ = {isa = PBXFileReference; includeInIndex = 1; lastKnownFileType = text.xcconfig; name = "Pods-ChatbotSample.release.xcconfig"; path = "Pods/Target Support Files/Pods-ChatbotSample/Pods-ChatbotSample.release.xcconfig"; sourceTree = "<group>"; };
		6CA9F369EEBF40B85FB22B3A /* Pods_ChatbotSample.framework */ = {isa = PBXFileReference; explicitFileType = wrapper.framework; includeInIndex = 0; path = Pods_ChatbotSample.framework; sourceTree = BUILT_PRODUCTS_DIR; };
		F5F94862085B44E5F4C66CB3 /* Pods-ChatbotSample.debug.xcconfig */ = {isa = PBXFileReference; includeInIndex = 1; lastKnownFileType = text.xcconfig; name = "Pods-ChatbotSample.debug.xcconfig"; path = "Pods/Target Support Files/Pods-ChatbotSample/Pods-ChatbotSample.debug.xcconfig"; sourceTree = "<group>"; };
/* End PBXFileReference section */

/* Begin PBXFrameworksBuildPhase section */
		4614802821F70E6A00946966 /* Frameworks */ = {
			isa = PBXFrameworksBuildPhase;
			buildActionMask = 2147483647;
			files = (
				0B18075BB7017F44B621D0D1 /* Pods_ChatbotSample.framework in Frameworks */,
			);
			runOnlyForDeploymentPostprocessing = 0;
		};
/* End PBXFrameworksBuildPhase section */

/* Begin PBXGroup section */
		05D223D278748A7FC041985A /* Pods */ = {
			isa = PBXGroup;
			children = (
				F5F94862085B44E5F4C66CB3 /* Pods-ChatbotSample.debug.xcconfig */,
				48F07FC35623FA5CE1A1AD17 /* Pods-ChatbotSample.release.xcconfig */,
			);
			name = Pods;
			sourceTree = "<group>";
		};
		4614802221F70E6A00946966 = {
			isa = PBXGroup;
			children = (
				4614802D21F70E6A00946966 /* ChatbotSample */,
				4614802C21F70E6A00946966 /* Products */,
				05D223D278748A7FC041985A /* Pods */,
				58C821AB274DE8A9ECB72CB1 /* Frameworks */,
			);
			sourceTree = "<group>";
		};
		4614802C21F70E6A00946966 /* Products */ = {
			isa = PBXGroup;
			children = (
				4614802B21F70E6A00946966 /* ChatbotSample.app */,
			);
			name = Products;
			sourceTree = "<group>";
		};
		4614802D21F70E6A00946966 /* ChatbotSample */ = {
			isa = PBXGroup;
			children = (
				4614802E21F70E6A00946966 /* AppDelegate.swift */,
				466DFD2221F8AC8300ECAF8B /* Extensions.swift */,
				4614803021F70E6A00946966 /* ViewController.swift */,
				4614803221F70E6A00946966 /* Main.storyboard */,
				4614803521F70E7E00946966 /* Assets.xcassets */,
				4614803721F70E7E00946966 /* LaunchScreen.storyboard */,
				4614803A21F70E7E00946966 /* Info.plist */,
			);
			path = ChatbotSample;
			sourceTree = "<group>";
		};
		58C821AB274DE8A9ECB72CB1 /* Frameworks */ = {
			isa = PBXGroup;
			children = (
				6CA9F369EEBF40B85FB22B3A /* Pods_ChatbotSample.framework */,
			);
			name = Frameworks;
			sourceTree = "<group>";
		};
/* End PBXGroup section */

/* Begin PBXNativeTarget section */
		4614802A21F70E6A00946966 /* ChatbotSample */ = {
			isa = PBXNativeTarget;
			buildConfigurationList = 4614803D21F70E7E00946966 /* Build configuration list for PBXNativeTarget "ChatbotSample" */;
			buildPhases = (
				707A9B05E6E5F25F00F3B6D8 /* [CP] Check Pods Manifest.lock */,
				4614802721F70E6A00946966 /* Sources */,
				4614802821F70E6A00946966 /* Frameworks */,
				4614802921F70E6A00946966 /* Resources */,
				602F27C020B5429DA80DD624 /* [CP] Embed Pods Frameworks */,
			);
			buildRules = (
			);
			dependencies = (
			);
			name = ChatbotSample;
			productName = ChatbotSample;
			productReference = 4614802B21F70E6A00946966 /* ChatbotSample.app */;
			productType = "com.apple.product-type.application";
		};
/* End PBXNativeTarget section */

/* Begin PBXProject section */
		4614802321F70E6A00946966 /* Project object */ = {
			isa = PBXProject;
			attributes = {
				LastSwiftUpdateCheck = 1010;
				LastUpgradeCheck = 1010;
				ORGANIZATIONNAME = Brighterbee;
				TargetAttributes = {
					4614802A21F70E6A00946966 = {
						CreatedOnToolsVersion = 10.1;
					};
				};
			};
			buildConfigurationList = 4614802621F70E6A00946966 /* Build configuration list for PBXProject "ChatbotSample" */;
			compatibilityVersion = "Xcode 9.3";
			developmentRegion = en;
			hasScannedForEncodings = 0;
			knownRegions = (
				en,
				Base,
			);
			mainGroup = 4614802221F70E6A00946966;
			productRefGroup = 4614802C21F70E6A00946966 /* Products */;
			projectDirPath = "";
			projectRoot = "";
			targets = (
				4614802A21F70E6A00946966 /* ChatbotSample */,
			);
		};
/* End PBXProject section */

/* Begin PBXResourcesBuildPhase section */
		4614802921F70E6A00946966 /* Resources */ = {
			isa = PBXResourcesBuildPhase;
			buildActionMask = 2147483647;
			files = (
				4614803921F70E7E00946966 /* LaunchScreen.storyboard in Resources */,
				4614803621F70E7E00946966 /* Assets.xcassets in Resources */,
				4614803421F70E6A00946966 /* Main.storyboard in Resources */,
			);
			runOnlyForDeploymentPostprocessing = 0;
		};
/* End PBXResourcesBuildPhase section */

/* Begin PBXShellScriptBuildPhase section */
		602F27C020B5429DA80DD624 /* [CP] Embed Pods Frameworks */ = {
			isa = PBXShellScriptBuildPhase;
			buildActionMask = 2147483647;
			files = (
			);
			inputFileListPaths = (
			);
			inputPaths = (
				"${SRCROOT}/Pods/Target Support Files/Pods-ChatbotSample/Pods-ChatbotSample-frameworks.sh",
				"${BUILT_PRODUCTS_DIR}/IQKeyboardManagerSwift/IQKeyboardManagerSwift.framework",
			);
			name = "[CP] Embed Pods Frameworks";
			outputFileListPaths = (
			);
			outputPaths = (
				"${TARGET_BUILD_DIR}/${FRAMEWORKS_FOLDER_PATH}/IQKeyboardManagerSwift.framework",
			);
			runOnlyForDeploymentPostprocessing = 0;
			shellPath = /bin/sh;
			shellScript = "\"${SRCROOT}/Pods/Target Support Files/Pods-ChatbotSample/Pods-ChatbotSample-frameworks.sh\"\n";
			showEnvVarsInLog = 0;
		};
		707A9B05E6E5F25F00F3B6D8 /* [CP] Check Pods Manifest.lock */ = {
			isa = PBXShellScriptBuildPhase;
			buildActionMask = 2147483647;
			files = (
			);
			inputFileListPaths = (
			);
			inputPaths = (
				"${PODS_PODFILE_DIR_PATH}/Podfile.lock",
				"${PODS_ROOT}/Manifest.lock",
			);
			name = "[CP] Check Pods Manifest.lock";
			outputFileListPaths = (
			);
			outputPaths = (
				"$(DERIVED_FILE_DIR)/Pods-ChatbotSample-checkManifestLockResult.txt",
			);
			runOnlyForDeploymentPostprocessing = 0;
			shellPath = /bin/sh;
			shellScript = "diff \"${PODS_PODFILE_DIR_PATH}/Podfile.lock\" \"${PODS_ROOT}/Manifest.lock\" > /dev/null\nif [ $? != 0 ] ; then\n    # print error to STDERR\n    echo \"error: The sandbox is not in sync with the Podfile.lock. Run 'pod install' or update your CocoaPods installation.\" >&2\n    exit 1\nfi\n# This output is used by Xcode 'outputs' to avoid re-running this script phase.\necho \"SUCCESS\" > \"${SCRIPT_OUTPUT_FILE_0}\"\n";
			showEnvVarsInLog = 0;
		};
/* End PBXShellScriptBuildPhase section */

/* Begin PBXSourcesBuildPhase section */
		4614802721F70E6A00946966 /* Sources */ = {
			isa = PBXSourcesBuildPhase;
			buildActionMask = 2147483647;
			files = (
				4614803121F70E6A00946966 /* ViewController.swift in Sources */,
				466DFD2321F8AC8300ECAF8B /* Extensions.swift in Sources */,
				4614802F21F70E6A00946966 /* AppDelegate.swift in Sources */,
			);
			runOnlyForDeploymentPostprocessing = 0;
		};
/* End PBXSourcesBuildPhase section */

/* Begin PBXVariantGroup section */
		4614803221F70E6A00946966 /* Main.storyboard */ = {
			isa = PBXVariantGroup;
			children = (
				4614803321F70E6A00946966 /* Base */,
			);
			name = Main.storyboard;
			sourceTree = "<group>";
		};
		4614803721F70E7E00946966 /* LaunchScreen.storyboard */ = {
			isa = PBXVariantGroup;
			children = (
				4614803821F70E7E00946966 /* Base */,
			);
			name = LaunchScreen.storyboard;
			sourceTree = "<group>";
		};
/* End PBXVariantGroup section */

/* Begin XCBuildConfiguration section */
		4614803B21F70E7E00946966 /* Debug */ = {
			isa = XCBuildConfiguration;
			buildSettings = {
				ALWAYS_SEARCH_USER_PATHS = NO;
				CLANG_ANALYZER_NONNULL = YES;
				CLANG_ANALYZER_NUMBER_OBJECT_CONVERSION = YES_AGGRESSIVE;
				CLANG_CXX_LANGUAGE_STANDARD = "gnu++14";
				CLANG_CXX_LIBRARY = "libc++";
				CLANG_ENABLE_MODULES = YES;
				CLANG_ENABLE_OBJC_ARC = YES;
				CLANG_ENABLE_OBJC_WEAK = YES;
				CLANG_WARN_BLOCK_CAPTURE_AUTORELEASING = YES;
				CLANG_WARN_BOOL_CONVERSION = YES;
				CLANG_WARN_COMMA = YES;
				CLANG_WARN_CONSTANT_CONVERSION = YES;
				CLANG_WARN_DEPRECATED_OBJC_IMPLEMENTATIONS = YES;
				CLANG_WARN_DIRECT_OBJC_ISA_USAGE = YES_ERROR;
				CLANG_WARN_DOCUMENTATION_COMMENTS = YES;
				CLANG_WARN_EMPTY_BODY = YES;
				CLANG_WARN_ENUM_CONVERSION = YES;
				CLANG_WARN_INFINITE_RECURSION = YES;
				CLANG_WARN_INT_CONVERSION = YES;
				CLANG_WARN_NON_LITERAL_NULL_CONVERSION = YES;
				CLANG_WARN_OBJC_IMPLICIT_RETAIN_SELF = YES;
				CLANG_WARN_OBJC_LITERAL_CONVERSION = YES;
				CLANG_WARN_OBJC_ROOT_CLASS = YES_ERROR;
				CLANG_WARN_RANGE_LOOP_ANALYSIS = YES;
				CLANG_WARN_STRICT_PROTOTYPES = YES;
				CLANG_WARN_SUSPICIOUS_MOVE = YES;
				CLANG_WARN_UNGUARDED_AVAILABILITY = YES_AGGRESSIVE;
				CLANG_WARN_UNREACHABLE_CODE = YES;
				CLANG_WARN__DUPLICATE_METHOD_MATCH = YES;
				CODE_SIGN_IDENTITY = "iPhone Developer";
				COPY_PHASE_STRIP = NO;
				DEBUG_INFORMATION_FORMAT = dwarf;
				ENABLE_STRICT_OBJC_MSGSEND = YES;
				ENABLE_TESTABILITY = YES;
				GCC_C_LANGUAGE_STANDARD = gnu11;
				GCC_DYNAMIC_NO_PIC = NO;
				GCC_NO_COMMON_BLOCKS = YES;
				GCC_OPTIMIZATION_LEVEL = 0;
				GCC_PREPROCESSOR_DEFINITIONS = (
					"DEBUG=1",
					"$(inherited)",
				);
				GCC_WARN_64_TO_32_BIT_CONVERSION = YES;
				GCC_WARN_ABOUT_RETURN_TYPE = YES_ERROR;
				GCC_WARN_UNDECLARED_SELECTOR = YES;
				GCC_WARN_UNINITIALIZED_AUTOS = YES_AGGRESSIVE;
				GCC_WARN_UNUSED_FUNCTION = YES;
				GCC_WARN_UNUSED_VARIABLE = YES;
				IPHONEOS_DEPLOYMENT_TARGET = 12.1;
				MTL_ENABLE_DEBUG_INFO = INCLUDE_SOURCE;
				MTL_FAST_MATH = YES;
				ONLY_ACTIVE_ARCH = YES;
				SDKROOT = iphoneos;
				SWIFT_ACTIVE_COMPILATION_CONDITIONS = DEBUG;
				SWIFT_OPTIMIZATION_LEVEL = "-Onone";
			};
			name = Debug;
		};
		4614803C21F70E7E00946966 /* Release */ = {
			isa = XCBuildConfiguration;
			buildSettings = {
				ALWAYS_SEARCH_USER_PATHS = NO;
				CLANG_ANALYZER_NONNULL = YES;
				CLANG_ANALYZER_NUMBER_OBJECT_CONVERSION = YES_AGGRESSIVE;
				CLANG_CXX_LANGUAGE_STANDARD = "gnu++14";
				CLANG_CXX_LIBRARY = "libc++";
				CLANG_ENABLE_MODULES = YES;
				CLANG_ENABLE_OBJC_ARC = YES;
				CLANG_ENABLE_OBJC_WEAK = YES;
				CLANG_WARN_BLOCK_CAPTURE_AUTORELEASING = YES;
				CLANG_WARN_BOOL_CONVERSION = YES;
				CLANG_WARN_COMMA = YES;
				CLANG_WARN_CONSTANT_CONVERSION = YES;
				CLANG_WARN_DEPRECATED_OBJC_IMPLEMENTATIONS = YES;
				CLANG_WARN_DIRECT_OBJC_ISA_USAGE = YES_ERROR;
				CLANG_WARN_DOCUMENTATION_COMMENTS = YES;
				CLANG_WARN_EMPTY_BODY = YES;
				CLANG_WARN_ENUM_CONVERSION = YES;
				CLANG_WARN_INFINITE_RECURSION = YES;
				CLANG_WARN_INT_CONVERSION = YES;
				CLANG_WARN_NON_LITERAL_NULL_CONVERSION = YES;
				CLANG_WARN_OBJC_IMPLICIT_RETAIN_SELF = YES;
				CLANG_WARN_OBJC_LITERAL_CONVERSION = YES;
				CLANG_WARN_OBJC_ROOT_CLASS = YES_ERROR;
				CLANG_WARN_RANGE_LOOP_ANALYSIS = YES;
				CLANG_WARN_STRICT_PROTOTYPES = YES;
				CLANG_WARN_SUSPICIOUS_MOVE = YES;
				CLANG_WARN_UNGUARDED_AVAILABILITY = YES_AGGRESSIVE;
				CLANG_WARN_UNREACHABLE_CODE = YES;
				CLANG_WARN__DUPLICATE_METHOD_MATCH = YES;
				CODE_SIGN_IDENTITY = "iPhone Developer";
				COPY_PHASE_STRIP = NO;
				DEBUG_INFORMATION_FORMAT = "dwarf-with-dsym";
				ENABLE_NS_ASSERTIONS = NO;
				ENABLE_STRICT_OBJC_MSGSEND = YES;
				GCC_C_LANGUAGE_STANDARD = gnu11;
				GCC_NO_COMMON_BLOCKS = YES;
				GCC_WARN_64_TO_32_BIT_CONVERSION = YES;
				GCC_WARN_ABOUT_RETURN_TYPE = YES_ERROR;
				GCC_WARN_UNDECLARED_SELECTOR = YES;
				GCC_WARN_UNINITIALIZED_AUTOS = YES_AGGRESSIVE;
				GCC_WARN_UNUSED_FUNCTION = YES;
				GCC_WARN_UNUSED_VARIABLE = YES;
				IPHONEOS_DEPLOYMENT_TARGET = 12.1;
				MTL_ENABLE_DEBUG_INFO = NO;
				MTL_FAST_MATH = YES;
				SDKROOT = iphoneos;
				SWIFT_COMPILATION_MODE = wholemodule;
				SWIFT_OPTIMIZATION_LEVEL = "-O";
				VALIDATE_PRODUCT = YES;
			};
			name = Release;
		};
		4614803E21F70E7E00946966 /* Debug */ = {
			isa = XCBuildConfiguration;
			baseConfigurationReference = F5F94862085B44E5F4C66CB3 /* Pods-ChatbotSample.debug.xcconfig */;
			buildSettings = {
				ASSETCATALOG_COMPILER_APPICON_NAME = AppIcon;
				CODE_SIGN_STYLE = Automatic;
				DEVELOPMENT_TEAM = QCC9YQVW4C;
				INFOPLIST_FILE = ChatbotSample/Info.plist;
				LD_RUNPATH_SEARCH_PATHS = (
					"$(inherited)",
					"@executable_path/Frameworks",
				);
				PRODUCT_BUNDLE_IDENTIFIER = com.brighterbee.ChatbotSample;
				PRODUCT_NAME = "$(TARGET_NAME)";
				SWIFT_VERSION = 4.2;
				TARGETED_DEVICE_FAMILY = "1,2";
			};
			name = Debug;
		};
		4614803F21F70E7E00946966 /* Release */ = {
			isa = XCBuildConfiguration;
			baseConfigurationReference = 48F07FC35623FA5CE1A1AD17 /* Pods-ChatbotSample.release.xcconfig */;
			buildSettings = {
				ASSETCATALOG_COMPILER_APPICON_NAME = AppIcon;
				CODE_SIGN_STYLE = Automatic;
				DEVELOPMENT_TEAM = QCC9YQVW4C;
				INFOPLIST_FILE = ChatbotSample/Info.plist;
				LD_RUNPATH_SEARCH_PATHS = (
					"$(inherited)",
					"@executable_path/Frameworks",
				);
				PRODUCT_BUNDLE_IDENTIFIER = com.brighterbee.ChatbotSample;
				PRODUCT_NAME = "$(TARGET_NAME)";
				SWIFT_VERSION = 4.2;
				TARGETED_DEVICE_FAMILY = "1,2";
			};
			name = Release;
		};
/* End XCBuildConfiguration section */

/* Begin XCConfigurationList section */
		4614802621F70E6A00946966 /* Build configuration list for PBXProject "ChatbotSample" */ = {
			isa = XCConfigurationList;
			buildConfigurations = (
				4614803B21F70E7E00946966 /* Debug */,
				4614803C21F70E7E00946966 /* Release */,
			);
			defaultConfigurationIsVisible = 0;
			defaultConfigurationName = Release;
		};
		4614803D21F70E7E00946966 /* Build configuration list for PBXNativeTarget "ChatbotSample" */ = {
			isa = XCConfigurationList;
			buildConfigurations = (
				4614803E21F70E7E00946966 /* Debug */,
				4614803F21F70E7E00946966 /* Release */,
			);
			defaultConfigurationIsVisible = 0;
			defaultConfigurationName = Release;
		};
/* End XCConfigurationList section */
	};
	rootObject = 4614802321F70E6A00946966 /* Project object */;
}
